// !$*UTF8*$!
{
	archiveVersion = 1;
	classes = {
	};
	objectVersion = 46;
	objects = {

/* Begin PBXBuildFile section */
		8544C9C918FC54CE00FF06C3 /* Foundation.framework in Frameworks */ = {isa = PBXBuildFile; fileRef = 8544C9C818FC54CE00FF06C3 /* Foundation.framework */; };
		8544C9CB18FC54CE00FF06C3 /* CoreGraphics.framework in Frameworks */ = {isa = PBXBuildFile; fileRef = 8544C9CA18FC54CE00FF06C3 /* CoreGraphics.framework */; };
		8544C9CD18FC54CE00FF06C3 /* UIKit.framework in Frameworks */ = {isa = PBXBuildFile; fileRef = 8544C9CC18FC54CE00FF06C3 /* UIKit.framework */; };
		8544CA2318FECFC100FF06C3 /* ActivityDataBase.m in Sources */ = {isa = PBXBuildFile; fileRef = 8544CA1C18FECFC100FF06C3 /* ActivityDataBase.m */; };
		8544CA2518FECFC100FF06C3 /* SectionDataBase.m in Sources */ = {isa = PBXBuildFile; fileRef = 8544CA2218FECFC100FF06C3 /* SectionDataBase.m */; };
		8544CA3418FECFC800FF06C3 /* AppDelegate.m in Sources */ = {isa = PBXBuildFile; fileRef = 8544CA2818FECFC800FF06C3 /* AppDelegate.m */; };
		8544CA3518FECFC800FF06C3 /* Main.storyboard in Resources */ = {isa = PBXBuildFile; fileRef = 8544CA2918FECFC800FF06C3 /* Main.storyboard */; };
		8544CA3618FECFC800FF06C3 /* Images.xcassets in Resources */ = {isa = PBXBuildFile; fileRef = 8544CA2B18FECFC800FF06C3 /* Images.xcassets */; };
		8544CA3718FECFC800FF06C3 /* InfoPlist.strings in Resources */ = {isa = PBXBuildFile; fileRef = 8544CA2D18FECFC800FF06C3 /* InfoPlist.strings */; };
		8544CA3818FECFC800FF06C3 /* main.m in Sources */ = {isa = PBXBuildFile; fileRef = 8544CA2F18FECFC800FF06C3 /* main.m */; };
		8544CA3A18FECFC800FF06C3 /* ViewController.m in Sources */ = {isa = PBXBuildFile; fileRef = 8544CA3318FECFC800FF06C3 /* ViewController.m */; };
		8544CA3B18FED78B00FF06C3 /* NavDrawer.m in Sources */ = {isa = PBXBuildFile; fileRef = 8544CA1E18FECFC100FF06C3 /* NavDrawer.m */; };
/* End PBXBuildFile section */

/* Begin PBXFileReference section */
		8544C9C518FC54CE00FF06C3 /* NavDrawer.app */ = {isa = PBXFileReference; explicitFileType = wrapper.application; includeInIndex = 0; path = NavDrawer.app; sourceTree = BUILT_PRODUCTS_DIR; };
		8544C9C818FC54CE00FF06C3 /* Foundation.framework */ = {isa = PBXFileReference; lastKnownFileType = wrapper.framework; name = Foundation.framework; path = System/Library/Frameworks/Foundation.framework; sourceTree = SDKROOT; };
		8544C9CA18FC54CE00FF06C3 /* CoreGraphics.framework */ = {isa = PBXFileReference; lastKnownFileType = wrapper.framework; name = CoreGraphics.framework; path = System/Library/Frameworks/CoreGraphics.framework; sourceTree = SDKROOT; };
		8544C9CC18FC54CE00FF06C3 /* UIKit.framework */ = {isa = PBXFileReference; lastKnownFileType = wrapper.framework; name = UIKit.framework; path = System/Library/Frameworks/UIKit.framework; sourceTree = SDKROOT; };
		8544C9E718FC54CE00FF06C3 /* XCTest.framework */ = {isa = PBXFileReference; lastKnownFileType = wrapper.framework; name = XCTest.framework; path = Library/Frameworks/XCTest.framework; sourceTree = DEVELOPER_DIR; };
		8544CA1B18FECFC100FF06C3 /* ActivityDataBase.h */ = {isa = PBXFileReference; fileEncoding = 4; lastKnownFileType = sourcecode.c.h; path = ActivityDataBase.h; sourceTree = "<group>"; };
		8544CA1C18FECFC100FF06C3 /* ActivityDataBase.m */ = {isa = PBXFileReference; fileEncoding = 4; lastKnownFileType = sourcecode.c.objc; path = ActivityDataBase.m; sourceTree = "<group>"; };
		8544CA1D18FECFC100FF06C3 /* NavDrawer.h */ = {isa = PBXFileReference; fileEncoding = 4; lastKnownFileType = sourcecode.c.h; path = NavDrawer.h; sourceTree = "<group>"; };
		8544CA1E18FECFC100FF06C3 /* NavDrawer.m */ = {isa = PBXFileReference; fileEncoding = 4; lastKnownFileType = sourcecode.c.objc; path = NavDrawer.m; sourceTree = "<group>"; };
		8544CA1F18FECFC100FF06C3 /* NavDrawerDataSource.h */ = {isa = PBXFileReference; fileEncoding = 4; lastKnownFileType = sourcecode.c.h; path = NavDrawerDataSource.h; sourceTree = "<group>"; };
		8544CA2018FECFC100FF06C3 /* NavDrawerDelegate.h */ = {isa = PBXFileReference; fileEncoding = 4; lastKnownFileType = sourcecode.c.h; path = NavDrawerDelegate.h; sourceTree = "<group>"; };
		8544CA2118FECFC100FF06C3 /* SectionDataBase.h */ = {isa = PBXFileReference; fileEncoding = 4; lastKnownFileType = sourcecode.c.h; path = SectionDataBase.h; sourceTree = "<group>"; };
		8544CA2218FECFC100FF06C3 /* SectionDataBase.m */ = {isa = PBXFileReference; fileEncoding = 4; lastKnownFileType = sourcecode.c.objc; path = SectionDataBase.m; sourceTree = "<group>"; };
		8544CA2718FECFC800FF06C3 /* AppDelegate.h */ = {isa = PBXFileReference; fileEncoding = 4; lastKnownFileType = sourcecode.c.h; path = AppDelegate.h; sourceTree = "<group>"; };
		8544CA2818FECFC800FF06C3 /* AppDelegate.m */ = {isa = PBXFileReference; fileEncoding = 4; lastKnownFileType = sourcecode.c.objc; path = AppDelegate.m; sourceTree = "<group>"; };
		8544CA2A18FECFC800FF06C3 /* Base */ = {isa = PBXFileReference; lastKnownFileType = file.storyboard; name = Base; path = Base.lproj/Main.storyboard; sourceTree = "<group>"; };
		8544CA2B18FECFC800FF06C3 /* Images.xcassets */ = {isa = PBXFileReference; lastKnownFileType = folder.assetcatalog; path = Images.xcassets; sourceTree = "<group>"; };
		8544CA2E18FECFC800FF06C3 /* en */ = {isa = PBXFileReference; lastKnownFileType = text.plist.strings; name = en; path = en.lproj/InfoPlist.strings; sourceTree = "<group>"; };
		8544CA2F18FECFC800FF06C3 /* main.m */ = {isa = PBXFileReference; fileEncoding = 4; lastKnownFileType = sourcecode.c.objc; path = main.m; sourceTree = "<group>"; };
		8544CA3018FECFC800FF06C3 /* NavDrawer-Info.plist */ = {isa = PBXFileReference; fileEncoding = 4; lastKnownFileType = text.plist.xml; path = "NavDrawer-Info.plist"; sourceTree = "<group>"; };
		8544CA3118FECFC800FF06C3 /* NavDrawer-Prefix.pch */ = {isa = PBXFileReference; fileEncoding = 4; lastKnownFileType = sourcecode.c.h; path = "NavDrawer-Prefix.pch"; sourceTree = "<group>"; };
		8544CA3218FECFC800FF06C3 /* ViewController.h */ = {isa = PBXFileReference; fileEncoding = 4; lastKnownFileType = sourcecode.c.h; path = ViewController.h; sourceTree = "<group>"; };
		8544CA3318FECFC800FF06C3 /* ViewController.m */ = {isa = PBXFileReference; fileEncoding = 4; lastKnownFileType = sourcecode.c.objc; path = ViewController.m; sourceTree = "<group>"; };
/* End PBXFileReference section */

/* Begin PBXFrameworksBuildPhase section */
		8544C9C218FC54CE00FF06C3 /* Frameworks */ = {
			isa = PBXFrameworksBuildPhase;
			buildActionMask = 2147483647;
			files = (
				8544C9CB18FC54CE00FF06C3 /* CoreGraphics.framework in Frameworks */,
				8544C9CD18FC54CE00FF06C3 /* UIKit.framework in Frameworks */,
				8544C9C918FC54CE00FF06C3 /* Foundation.framework in Frameworks */,
			);
			runOnlyForDeploymentPostprocessing = 0;
		};
/* End PBXFrameworksBuildPhase section */

/* Begin PBXGroup section */
		8544C9BC18FC54CE00FF06C3 = {
			isa = PBXGroup;
			children = (
				8544CA2618FECFC800FF06C3 /* NavDrawerDemo */,
				8544CA1A18FECFC100FF06C3 /* NavDrawer */,
				8544C9C718FC54CE00FF06C3 /* Frameworks */,
				8544C9C618FC54CE00FF06C3 /* Products */,
			);
			sourceTree = "<group>";
		};
		8544C9C618FC54CE00FF06C3 /* Products */ = {
			isa = PBXGroup;
			children = (
				8544C9C518FC54CE00FF06C3 /* NavDrawer.app */,
			);
			name = Products;
			sourceTree = "<group>";
		};
		8544C9C718FC54CE00FF06C3 /* Frameworks */ = {
			isa = PBXGroup;
			children = (
				8544C9C818FC54CE00FF06C3 /* Foundation.framework */,
				8544C9CA18FC54CE00FF06C3 /* CoreGraphics.framework */,
				8544C9CC18FC54CE00FF06C3 /* UIKit.framework */,
				8544C9E718FC54CE00FF06C3 /* XCTest.framework */,
			);
			name = Frameworks;
			sourceTree = "<group>";
		};
		8544CA1A18FECFC100FF06C3 /* NavDrawer */ = {
			isa = PBXGroup;
			children = (
				8544CA1D18FECFC100FF06C3 /* NavDrawer.h */,
				8544CA1E18FECFC100FF06C3 /* NavDrawer.m */,
				8544CA1F18FECFC100FF06C3 /* NavDrawerDataSource.h */,
				8544CA2018FECFC100FF06C3 /* NavDrawerDelegate.h */,
				8544CA2118FECFC100FF06C3 /* SectionDataBase.h */,
				8544CA2218FECFC100FF06C3 /* SectionDataBase.m */,
				8544CA1B18FECFC100FF06C3 /* ActivityDataBase.h */,
				8544CA1C18FECFC100FF06C3 /* ActivityDataBase.m */,
			);
			path = NavDrawer;
			sourceTree = "<group>";
		};
		8544CA2618FECFC800FF06C3 /* NavDrawerDemo */ = {
			isa = PBXGroup;
			children = (
				8544CA2718FECFC800FF06C3 /* AppDelegate.h */,
				8544CA2818FECFC800FF06C3 /* AppDelegate.m */,
				8544CA3218FECFC800FF06C3 /* ViewController.h */,
				8544CA3318FECFC800FF06C3 /* ViewController.m */,
				8544CA2918FECFC800FF06C3 /* Main.storyboard */,
				8544CA2B18FECFC800FF06C3 /* Images.xcassets */,
				8544CA2C18FECFC800FF06C3 /* Supporting Files */,
			);
			path = NavDrawerDemo;
			sourceTree = "<group>";
		};
		8544CA2C18FECFC800FF06C3 /* Supporting Files */ = {
			isa = PBXGroup;
			children = (
				8544CA2D18FECFC800FF06C3 /* InfoPlist.strings */,
				8544CA2F18FECFC800FF06C3 /* main.m */,
				8544CA3018FECFC800FF06C3 /* NavDrawer-Info.plist */,
				8544CA3118FECFC800FF06C3 /* NavDrawer-Prefix.pch */,
			);
			path = "Supporting Files";
			sourceTree = "<group>";
		};
/* End PBXGroup section */

/* Begin PBXNativeTarget section */
		8544C9C418FC54CE00FF06C3 /* NavDrawer */ = {
			isa = PBXNativeTarget;
			buildConfigurationList = 8544C9F718FC54CE00FF06C3 /* Build configuration list for PBXNativeTarget "NavDrawer" */;
			buildPhases = (
				8544C9C118FC54CE00FF06C3 /* Sources */,
				8544C9C218FC54CE00FF06C3 /* Frameworks */,
				8544C9C318FC54CE00FF06C3 /* Resources */,
			);
			buildRules = (
			);
			dependencies = (
			);
			name = NavDrawer;
			productName = ScrollViewNavigator;
			productReference = 8544C9C518FC54CE00FF06C3 /* NavDrawer.app */;
			productType = "com.apple.product-type.application";
		};
/* End PBXNativeTarget section */

/* Begin PBXProject section */
		8544C9BD18FC54CE00FF06C3 /* Project object */ = {
			isa = PBXProject;
			attributes = {
				LastUpgradeCheck = 0510;
				ORGANIZATIONNAME = Kingway;
			};
			buildConfigurationList = 8544C9C018FC54CE00FF06C3 /* Build configuration list for PBXProject "NavDrawer" */;
			compatibilityVersion = "Xcode 3.2";
			developmentRegion = English;
			hasScannedForEncodings = 0;
			knownRegions = (
				en,
				Base,
			);
			mainGroup = 8544C9BC18FC54CE00FF06C3;
			productRefGroup = 8544C9C618FC54CE00FF06C3 /* Products */;
			projectDirPath = "";
			projectRoot = "";
			targets = (
				8544C9C418FC54CE00FF06C3 /* NavDrawer */,
			);
		};
/* End PBXProject section */

/* Begin PBXResourcesBuildPhase section */
		8544C9C318FC54CE00FF06C3 /* Resources */ = {
			isa = PBXResourcesBuildPhase;
			buildActionMask = 2147483647;
			files = (
				8544CA3518FECFC800FF06C3 /* Main.storyboard in Resources */,
				8544CA3718FECFC800FF06C3 /* InfoPlist.strings in Resources */,
				8544CA3618FECFC800FF06C3 /* Images.xcassets in Resources */,
			);
			runOnlyForDeploymentPostprocessing = 0;
		};
/* End PBXResourcesBuildPhase section */

/* Begin PBXSourcesBuildPhase section */
		8544C9C118FC54CE00FF06C3 /* Sources */ = {
			isa = PBXSourcesBuildPhase;
			buildActionMask = 2147483647;
			files = (
				8544CA3B18FED78B00FF06C3 /* NavDrawer.m in Sources */,
				8544CA3A18FECFC800FF06C3 /* ViewController.m in Sources */,
				8544CA3818FECFC800FF06C3 /* main.m in Sources */,
				8544CA3418FECFC800FF06C3 /* AppDelegate.m in Sources */,
				8544CA2318FECFC100FF06C3 /* ActivityDataBase.m in Sources */,
				8544CA2518FECFC100FF06C3 /* SectionDataBase.m in Sources */,
			);
			runOnlyForDeploymentPostprocessing = 0;
		};
/* End PBXSourcesBuildPhase section */

/* Begin PBXVariantGroup section */
		8544CA2918FECFC800FF06C3 /* Main.storyboard */ = {
			isa = PBXVariantGroup;
			children = (
				8544CA2A18FECFC800FF06C3 /* Base */,
			);
			name = Main.storyboard;
			sourceTree = "<group>";
		};
		8544CA2D18FECFC800FF06C3 /* InfoPlist.strings */ = {
			isa = PBXVariantGroup;
			children = (
				8544CA2E18FECFC800FF06C3 /* en */,
			);
			name = InfoPlist.strings;
			sourceTree = "<group>";
		};
/* End PBXVariantGroup section */

/* Begin XCBuildConfiguration section */
		8544C9F518FC54CE00FF06C3 /* Debug */ = {
			isa = XCBuildConfiguration;
			buildSettings = {
				ALWAYS_SEARCH_USER_PATHS = NO;
				CLANG_CXX_LANGUAGE_STANDARD = "gnu++0x";
				CLANG_CXX_LIBRARY = "libc++";
				CLANG_ENABLE_MODULES = YES;
				CLANG_ENABLE_OBJC_ARC = YES;
				CLANG_WARN_BOOL_CONVERSION = YES;
				CLANG_WARN_CONSTANT_CONVERSION = YES;
				CLANG_WARN_DIRECT_OBJC_ISA_USAGE = YES_ERROR;
				CLANG_WARN_EMPTY_BODY = YES;
				CLANG_WARN_ENUM_CONVERSION = YES;
				CLANG_WARN_INT_CONVERSION = YES;
				CLANG_WARN_OBJC_ROOT_CLASS = YES_ERROR;
				CLANG_WARN__DUPLICATE_METHOD_MATCH = YES;
				"CODE_SIGN_IDENTITY[sdk=iphoneos*]" = "iPhone Developer";
				COPY_PHASE_STRIP = NO;
				GCC_C_LANGUAGE_STANDARD = gnu99;
				GCC_DYNAMIC_NO_PIC = NO;
				GCC_OPTIMIZATION_LEVEL = 0;
				GCC_PREPROCESSOR_DEFINITIONS = (
					"DEBUG=1",
					"$(inherited)",
				);
				GCC_SYMBOLS_PRIVATE_EXTERN = NO;
				GCC_WARN_64_TO_32_BIT_CONVERSION = YES;
				GCC_WARN_ABOUT_RETURN_TYPE = YES_ERROR;
				GCC_WARN_UNDECLARED_SELECTOR = YES;
				GCC_WARN_UNINITIALIZED_AUTOS = YES_AGGRESSIVE;
				GCC_WARN_UNUSED_FUNCTION = YES;
				GCC_WARN_UNUSED_VARIABLE = YES;
				IPHONEOS_DEPLOYMENT_TARGET = 6.0;
				ONLY_ACTIVE_ARCH = YES;
				SDKROOT = iphoneos;
			};
			name = Debug;
		};
		8544C9F618FC54CE00FF06C3 /* Release */ = {
			isa = XCBuildConfiguration;
			buildSettings = {
				ALWAYS_SEARCH_USER_PATHS = NO;
				CLANG_CXX_LANGUAGE_STANDARD = "gnu++0x";
				CLANG_CXX_LIBRARY = "libc++";
				CLANG_ENABLE_MODULES = YES;
				CLANG_ENABLE_OBJC_ARC = YES;
				CLANG_WARN_BOOL_CONVERSION = YES;
				CLANG_WARN_CONSTANT_CONVERSION = YES;
				CLANG_WARN_DIRECT_OBJC_ISA_USAGE = YES_ERROR;
				CLANG_WARN_EMPTY_BODY = YES;
				CLANG_WARN_ENUM_CONVERSION = YES;
				CLANG_WARN_INT_CONVERSION = YES;
				CLANG_WARN_OBJC_ROOT_CLASS = YES_ERROR;
				CLANG_WARN__DUPLICATE_METHOD_MATCH = YES;
				"CODE_SIGN_IDENTITY[sdk=iphoneos*]" = "iPhone Developer";
				COPY_PHASE_STRIP = YES;
				ENABLE_NS_ASSERTIONS = NO;
				GCC_C_LANGUAGE_STANDARD = gnu99;
				GCC_WARN_64_TO_32_BIT_CONVERSION = YES;
				GCC_WARN_ABOUT_RETURN_TYPE = YES_ERROR;
				GCC_WARN_UNDECLARED_SELECTOR = YES;
				GCC_WARN_UNINITIALIZED_AUTOS = YES_AGGRESSIVE;
				GCC_WARN_UNUSED_FUNCTION = YES;
				GCC_WARN_UNUSED_VARIABLE = YES;
				IPHONEOS_DEPLOYMENT_TARGET = 6.0;
				SDKROOT = iphoneos;
				VALIDATE_PRODUCT = YES;
			};
			name = Release;
		};
		8544C9F818FC54CE00FF06C3 /* Debug */ = {
			isa = XCBuildConfiguration;
			buildSettings = {
				ASSETCATALOG_COMPILER_APPICON_NAME = AppIcon;
				ASSETCATALOG_COMPILER_LAUNCHIMAGE_NAME = LaunchImage;
				GCC_PRECOMPILE_PREFIX_HEADER = YES;
				GCC_PREFIX_HEADER = "NavDrawerDemo/Supporting Files/NavDrawer-Prefix.pch";
				INFOPLIST_FILE = "NavDrawerDemo/Supporting Files/NavDrawer-Info.plist";
				PRODUCT_NAME = NavDrawer;
				WRAPPER_EXTENSION = app;
			};
			name = Debug;
		};
		8544C9F918FC54CE00FF06C3 /* Release */ = {
			isa = XCBuildConfiguration;
			buildSettings = {
				ASSETCATALOG_COMPILER_APPICON_NAME = AppIcon;
				ASSETCATALOG_COMPILER_LAUNCHIMAGE_NAME = LaunchImage;
				GCC_PRECOMPILE_PREFIX_HEADER = YES;
				GCC_PREFIX_HEADER = "NavDrawerDemo/Supporting Files/NavDrawer-Prefix.pch";
				INFOPLIST_FILE = "NavDrawerDemo/Supporting Files/NavDrawer-Info.plist";
				PRODUCT_NAME = NavDrawer;
				WRAPPER_EXTENSION = app;
			};
			name = Release;
		};
/* End XCBuildConfiguration section */

/* Begin XCConfigurationList section */
		8544C9C018FC54CE00FF06C3 /* Build configuration list for PBXProject "NavDrawer" */ = {
			isa = XCConfigurationList;
			buildConfigurations = (
				8544C9F518FC54CE00FF06C3 /* Debug */,
				8544C9F618FC54CE00FF06C3 /* Release */,
			);
			defaultConfigurationIsVisible = 0;
			defaultConfigurationName = Release;
		};
		8544C9F718FC54CE00FF06C3 /* Build configuration list for PBXNativeTarget "NavDrawer" */ = {
			isa = XCConfigurationList;
			buildConfigurations = (
				8544C9F818FC54CE00FF06C3 /* Debug */,
				8544C9F918FC54CE00FF06C3 /* Release */,
			);
			defaultConfigurationIsVisible = 0;
			defaultConfigurationName = Release;
		};
/* End XCConfigurationList section */
	};
	rootObject = 8544C9BD18FC54CE00FF06C3 /* Project object */;
}
